// !$*UTF8*$!
{
	archiveVersion = 1;
	classes = {
	};
	objectVersion = 51;
	objects = {

/* Begin PBXBuildFile section */
		84CD495F249356ED0026F466 /* AppDelegate.swift in Sources */ = {isa = PBXBuildFile; fileRef = 84CD495E249356ED0026F466 /* AppDelegate.swift */; };
		84CD4961249356ED0026F466 /* SceneDelegate.swift in Sources */ = {isa = PBXBuildFile; fileRef = 84CD4960249356ED0026F466 /* SceneDelegate.swift */; };
		84CD4963249356ED0026F466 /* ViewController.swift in Sources */ = {isa = PBXBuildFile; fileRef = 84CD4962249356ED0026F466 /* ViewController.swift */; };
		84CD4966249356ED0026F466 /* Main.storyboard in Resources */ = {isa = PBXBuildFile; fileRef = 84CD4964249356ED0026F466 /* Main.storyboard */; };
		84CD4969249356ED0026F466 /* real_estate.xcdatamodeld in Sources */ = {isa = PBXBuildFile; fileRef = 84CD4967249356ED0026F466 /* real_estate.xcdatamodeld */; };
		84CD496B249356F50026F466 /* Assets.xcassets in Resources */ = {isa = PBXBuildFile; fileRef = 84CD496A249356F50026F466 /* Assets.xcassets */; };
		84CD496E249356F50026F466 /* LaunchScreen.storyboard in Resources */ = {isa = PBXBuildFile; fileRef = 84CD496C249356F50026F466 /* LaunchScreen.storyboard */; };
		84CD4977249359A10026F466 /* GT-Walsheim-Pro-Medium-Trial.otf in Resources */ = {isa = PBXBuildFile; fileRef = 84CD4976249359A10026F466 /* GT-Walsheim-Pro-Medium-Trial.otf */; };
		84CD4979249359B80026F466 /* GT-Walsheim-Pro-Regular-Trial.otf in Resources */ = {isa = PBXBuildFile; fileRef = 84CD4978249359B80026F466 /* GT-Walsheim-Pro-Regular-Trial.otf */; };
		84CD497C249361300026F466 /* HomeCollectionViewCell.swift in Sources */ = {isa = PBXBuildFile; fileRef = 84CD497B249361300026F466 /* HomeCollectionViewCell.swift */; };
		84CD497E249361730026F466 /* APIServices.swift in Sources */ = {isa = PBXBuildFile; fileRef = 84CD497D249361730026F466 /* APIServices.swift */; };
		84ED5A1D2493D95B0008F532 /* FilterCollectionViewCell.swift in Sources */ = {isa = PBXBuildFile; fileRef = 84ED5A1C2493D95B0008F532 /* FilterCollectionViewCell.swift */; };
		A60551D7C4697D11C4DF122A /* Pods_real_estate.framework in Frameworks */ = {isa = PBXBuildFile; fileRef = 555119B53B647FA9FB685C67 /* Pods_real_estate.framework */; };
/* End PBXBuildFile section */

/* Begin PBXFileReference section */
		0FAF3BFDCFAB989AEF4B8300 /* Pods-real-estate.debug.xcconfig */ = {isa = PBXFileReference; includeInIndex = 1; lastKnownFileType = text.xcconfig; name = "Pods-real-estate.debug.xcconfig"; path = "Target Support Files/Pods-real-estate/Pods-real-estate.debug.xcconfig"; sourceTree = "<group>"; };
		555119B53B647FA9FB685C67 /* Pods_real_estate.framework */ = {isa = PBXFileReference; explicitFileType = wrapper.framework; includeInIndex = 0; path = Pods_real_estate.framework; sourceTree = BUILT_PRODUCTS_DIR; };
		84CD495B249356ED0026F466 /* real-estate.app */ = {isa = PBXFileReference; explicitFileType = wrapper.application; includeInIndex = 0; path = "real-estate.app"; sourceTree = BUILT_PRODUCTS_DIR; };
		84CD495E249356ED0026F466 /* AppDelegate.swift */ = {isa = PBXFileReference; lastKnownFileType = sourcecode.swift; path = AppDelegate.swift; sourceTree = "<group>"; };
		84CD4960249356ED0026F466 /* SceneDelegate.swift */ = {isa = PBXFileReference; lastKnownFileType = sourcecode.swift; path = SceneDelegate.swift; sourceTree = "<group>"; };
		84CD4962249356ED0026F466 /* ViewController.swift */ = {isa = PBXFileReference; lastKnownFileType = sourcecode.swift; path = ViewController.swift; sourceTree = "<group>"; };
		84CD4965249356ED0026F466 /* Base */ = {isa = PBXFileReference; lastKnownFileType = file.storyboard; name = Base; path = Base.lproj/Main.storyboard; sourceTree = "<group>"; };
		84CD4968249356ED0026F466 /* real_estate.xcdatamodel */ = {isa = PBXFileReference; lastKnownFileType = wrapper.xcdatamodel; path = real_estate.xcdatamodel; sourceTree = "<group>"; };
		84CD496A249356F50026F466 /* Assets.xcassets */ = {isa = PBXFileReference; lastKnownFileType = folder.assetcatalog; path = Assets.xcassets; sourceTree = "<group>"; };
		84CD496D249356F50026F466 /* Base */ = {isa = PBXFileReference; lastKnownFileType = file.storyboard; name = Base; path = Base.lproj/LaunchScreen.storyboard; sourceTree = "<group>"; };
		84CD496F249356F50026F466 /* Info.plist */ = {isa = PBXFileReference; lastKnownFileType = text.plist.xml; path = Info.plist; sourceTree = "<group>"; };
		84CD4976249359A10026F466 /* GT-Walsheim-Pro-Medium-Trial.otf */ = {isa = PBXFileReference; lastKnownFileType = file; path = "GT-Walsheim-Pro-Medium-Trial.otf"; sourceTree = "<group>"; };
		84CD4978249359B80026F466 /* GT-Walsheim-Pro-Regular-Trial.otf */ = {isa = PBXFileReference; lastKnownFileType = file; path = "GT-Walsheim-Pro-Regular-Trial.otf"; sourceTree = "<group>"; };
		84CD497B249361300026F466 /* HomeCollectionViewCell.swift */ = {isa = PBXFileReference; lastKnownFileType = sourcecode.swift; path = HomeCollectionViewCell.swift; sourceTree = "<group>"; };
		84CD497D249361730026F466 /* APIServices.swift */ = {isa = PBXFileReference; lastKnownFileType = sourcecode.swift; path = APIServices.swift; sourceTree = "<group>"; };
		84ED5A1C2493D95B0008F532 /* FilterCollectionViewCell.swift */ = {isa = PBXFileReference; lastKnownFileType = sourcecode.swift; path = FilterCollectionViewCell.swift; sourceTree = "<group>"; };
		FC80606C83E2DF506429DD60 /* Pods-real-estate.release.xcconfig */ = {isa = PBXFileReference; includeInIndex = 1; lastKnownFileType = text.xcconfig; name = "Pods-real-estate.release.xcconfig"; path = "Target Support Files/Pods-real-estate/Pods-real-estate.release.xcconfig"; sourceTree = "<group>"; };
/* End PBXFileReference section */

/* Begin PBXFrameworksBuildPhase section */
		84CD4958249356ED0026F466 /* Frameworks */ = {
			isa = PBXFrameworksBuildPhase;
			buildActionMask = 2147483647;
			files = (
				A60551D7C4697D11C4DF122A /* Pods_real_estate.framework in Frameworks */,
			);
			runOnlyForDeploymentPostprocessing = 0;
		};
/* End PBXFrameworksBuildPhase section */

/* Begin PBXGroup section */
		62E1C318A3F9AA311C5B40AF /* Frameworks */ = {
			isa = PBXGroup;
			children = (
				555119B53B647FA9FB685C67 /* Pods_real_estate.framework */,
			);
			name = Frameworks;
			sourceTree = "<group>";
		};
		84CD4952249356ED0026F466 = {
			isa = PBXGroup;
			children = (
				84CD495D249356ED0026F466 /* real-estate */,
				84CD495C249356ED0026F466 /* Products */,
				C84F55F2C29DF70B5BA3241D /* Pods */,
				62E1C318A3F9AA311C5B40AF /* Frameworks */,
			);
			sourceTree = "<group>";
		};
		84CD495C249356ED0026F466 /* Products */ = {
			isa = PBXGroup;
			children = (
				84CD495B249356ED0026F466 /* real-estate.app */,
			);
			name = Products;
			sourceTree = "<group>";
		};
		84CD495D249356ED0026F466 /* real-estate */ = {
			isa = PBXGroup;
			children = (
				84CD497A2493611B0026F466 /* Models */,
				84CD4975249359960026F466 /* Fonts */,
				84CD495E249356ED0026F466 /* AppDelegate.swift */,
				84CD4960249356ED0026F466 /* SceneDelegate.swift */,
				84CD4962249356ED0026F466 /* ViewController.swift */,
				84CD4964249356ED0026F466 /* Main.storyboard */,
				84CD496A249356F50026F466 /* Assets.xcassets */,
				84CD496C249356F50026F466 /* LaunchScreen.storyboard */,
				84CD496F249356F50026F466 /* Info.plist */,
				84CD4967249356ED0026F466 /* real_estate.xcdatamodeld */,
				84CD497D249361730026F466 /* APIServices.swift */,
			);
			path = "real-estate";
			sourceTree = "<group>";
		};
		84CD4975249359960026F466 /* Fonts */ = {
			isa = PBXGroup;
			children = (
				84CD4976249359A10026F466 /* GT-Walsheim-Pro-Medium-Trial.otf */,
				84CD4978249359B80026F466 /* GT-Walsheim-Pro-Regular-Trial.otf */,
			);
			path = Fonts;
			sourceTree = "<group>";
		};
		84CD497A2493611B0026F466 /* Models */ = {
			isa = PBXGroup;
			children = (
				84CD497B249361300026F466 /* HomeCollectionViewCell.swift */,
				84ED5A1C2493D95B0008F532 /* FilterCollectionViewCell.swift */,
			);
			path = Models;
			sourceTree = "<group>";
		};
		C84F55F2C29DF70B5BA3241D /* Pods */ = {
			isa = PBXGroup;
			children = (
				0FAF3BFDCFAB989AEF4B8300 /* Pods-real-estate.debug.xcconfig */,
				FC80606C83E2DF506429DD60 /* Pods-real-estate.release.xcconfig */,
			);
			path = Pods;
			sourceTree = "<group>";
		};
/* End PBXGroup section */

/* Begin PBXNativeTarget section */
		84CD495A249356ED0026F466 /* real-estate */ = {
			isa = PBXNativeTarget;
			buildConfigurationList = 84CD4972249356F50026F466 /* Build configuration list for PBXNativeTarget "real-estate" */;
			buildPhases = (
				875D7EE5810EEAF3D9B81421 /* [CP] Check Pods Manifest.lock */,
				84CD4957249356ED0026F466 /* Sources */,
				84CD4958249356ED0026F466 /* Frameworks */,
				84CD4959249356ED0026F466 /* Resources */,
				1AA6923AFBB352AD42E3491E /* [CP] Embed Pods Frameworks */,
			);
			buildRules = (
			);
			dependencies = (
			);
			name = "real-estate";
			productName = "real-estate";
			productReference = 84CD495B249356ED0026F466 /* real-estate.app */;
			productType = "com.apple.product-type.application";
		};
/* End PBXNativeTarget section */

/* Begin PBXProject section */
		84CD4953249356ED0026F466 /* Project object */ = {
			isa = PBXProject;
			attributes = {
				LastSwiftUpdateCheck = 1150;
				LastUpgradeCheck = 1150;
				ORGANIZATIONNAME = "Mishka TBC";
				TargetAttributes = {
					84CD495A249356ED0026F466 = {
						CreatedOnToolsVersion = 11.5;
					};
				};
			};
			buildConfigurationList = 84CD4956249356ED0026F466 /* Build configuration list for PBXProject "real-estate" */;
			compatibilityVersion = "Xcode 9.3";
			developmentRegion = en;
			hasScannedForEncodings = 0;
			knownRegions = (
				en,
				Base,
			);
			mainGroup = 84CD4952249356ED0026F466;
			productRefGroup = 84CD495C249356ED0026F466 /* Products */;
			projectDirPath = "";
			projectRoot = "";
			targets = (
				84CD495A249356ED0026F466 /* real-estate */,
			);
		};
/* End PBXProject section */

/* Begin PBXResourcesBuildPhase section */
		84CD4959249356ED0026F466 /* Resources */ = {
			isa = PBXResourcesBuildPhase;
			buildActionMask = 2147483647;
			files = (
				84CD4977249359A10026F466 /* GT-Walsheim-Pro-Medium-Trial.otf in Resources */,
				84CD4979249359B80026F466 /* GT-Walsheim-Pro-Regular-Trial.otf in Resources */,
				84CD496E249356F50026F466 /* LaunchScreen.storyboard in Resources */,
				84CD496B249356F50026F466 /* Assets.xcassets in Resources */,
				84CD4966249356ED0026F466 /* Main.storyboard in Resources */,
			);
			runOnlyForDeploymentPostprocessing = 0;
		};
/* End PBXResourcesBuildPhase section */

/* Begin PBXShellScriptBuildPhase section */
		1AA6923AFBB352AD42E3491E /* [CP] Embed Pods Frameworks */ = {
			isa = PBXShellScriptBuildPhase;
			buildActionMask = 2147483647;
			files = (
			);
			inputFileListPaths = (
				"${PODS_ROOT}/Target Support Files/Pods-real-estate/Pods-real-estate-frameworks-${CONFIGURATION}-input-files.xcfilelist",
			);
			name = "[CP] Embed Pods Frameworks";
			outputFileListPaths = (
				"${PODS_ROOT}/Target Support Files/Pods-real-estate/Pods-real-estate-frameworks-${CONFIGURATION}-output-files.xcfilelist",
			);
			runOnlyForDeploymentPostprocessing = 0;
			shellPath = /bin/sh;
			shellScript = "\"${PODS_ROOT}/Target Support Files/Pods-real-estate/Pods-real-estate-frameworks.sh\"\n";
			showEnvVarsInLog = 0;
		};
		875D7EE5810EEAF3D9B81421 /* [CP] Check Pods Manifest.lock */ = {
			isa = PBXShellScriptBuildPhase;
			buildActionMask = 2147483647;
			files = (
			);
			inputFileListPaths = (
			);
			inputPaths = (
				"${PODS_PODFILE_DIR_PATH}/Podfile.lock",
				"${PODS_ROOT}/Manifest.lock",
			);
			name = "[CP] Check Pods Manifest.lock";
			outputFileListPaths = (
			);
			outputPaths = (
				"$(DERIVED_FILE_DIR)/Pods-real-estate-checkManifestLockResult.txt",
			);
			runOnlyForDeploymentPostprocessing = 0;
			shellPath = /bin/sh;
			shellScript = "diff \"${PODS_PODFILE_DIR_PATH}/Podfile.lock\" \"${PODS_ROOT}/Manifest.lock\" > /dev/null\nif [ $? != 0 ] ; then\n    # print error to STDERR\n    echo \"error: The sandbox is not in sync with the Podfile.lock. Run 'pod install' or update your CocoaPods installation.\" >&2\n    exit 1\nfi\n# This output is used by Xcode 'outputs' to avoid re-running this script phase.\necho \"SUCCESS\" > \"${SCRIPT_OUTPUT_FILE_0}\"\n";
			showEnvVarsInLog = 0;
		};
/* End PBXShellScriptBuildPhase section */

/* Begin PBXSourcesBuildPhase section */
		84CD4957249356ED0026F466 /* Sources */ = {
			isa = PBXSourcesBuildPhase;
			buildActionMask = 2147483647;
			files = (
				84CD497C249361300026F466 /* HomeCollectionViewCell.swift in Sources */,
				84CD4963249356ED0026F466 /* ViewController.swift in Sources */,
				84CD497E249361730026F466 /* APIServices.swift in Sources */,
				84CD4969249356ED0026F466 /* real_estate.xcdatamodeld in Sources */,
				84CD495F249356ED0026F466 /* AppDelegate.swift in Sources */,
				84CD4961249356ED0026F466 /* SceneDelegate.swift in Sources */,
				84ED5A1D2493D95B0008F532 /* FilterCollectionViewCell.swift in Sources */,
			);
			runOnlyForDeploymentPostprocessing = 0;
		};
/* End PBXSourcesBuildPhase section */

/* Begin PBXVariantGroup section */
		84CD4964249356ED0026F466 /* Main.storyboard */ = {
			isa = PBXVariantGroup;
			children = (
				84CD4965249356ED0026F466 /* Base */,
			);
			name = Main.storyboard;
			sourceTree = "<group>";
		};
		84CD496C249356F50026F466 /* LaunchScreen.storyboard */ = {
			isa = PBXVariantGroup;
			children = (
				84CD496D249356F50026F466 /* Base */,
			);
			name = LaunchScreen.storyboard;
			sourceTree = "<group>";
		};
/* End PBXVariantGroup section */

/* Begin XCBuildConfiguration section */
		84CD4970249356F50026F466 /* Debug */ = {
			isa = XCBuildConfiguration;
			buildSettings = {
				ALWAYS_SEARCH_USER_PATHS = NO;
				CLANG_ANALYZER_NONNULL = YES;
				CLANG_ANALYZER_NUMBER_OBJECT_CONVERSION = YES_AGGRESSIVE;
				CLANG_CXX_LANGUAGE_STANDARD = "gnu++14";
				CLANG_CXX_LIBRARY = "libc++";
				CLANG_ENABLE_MODULES = YES;
				CLANG_ENABLE_OBJC_ARC = YES;
				CLANG_ENABLE_OBJC_WEAK = YES;
				CLANG_WARN_BLOCK_CAPTURE_AUTORELEASING = YES;
				CLANG_WARN_BOOL_CONVERSION = YES;
				CLANG_WARN_COMMA = YES;
				CLANG_WARN_CONSTANT_CONVERSION = YES;
				CLANG_WARN_DEPRECATED_OBJC_IMPLEMENTATIONS = YES;
				CLANG_WARN_DIRECT_OBJC_ISA_USAGE = YES_ERROR;
				CLANG_WARN_DOCUMENTATION_COMMENTS = YES;
				CLANG_WARN_EMPTY_BODY = YES;
				CLANG_WARN_ENUM_CONVERSION = YES;
				CLANG_WARN_INFINITE_RECURSION = YES;
				CLANG_WARN_INT_CONVERSION = YES;
				CLANG_WARN_NON_LITERAL_NULL_CONVERSION = YES;
				CLANG_WARN_OBJC_IMPLICIT_RETAIN_SELF = YES;
				CLANG_WARN_OBJC_LITERAL_CONVERSION = YES;
				CLANG_WARN_OBJC_ROOT_CLASS = YES_ERROR;
				CLANG_WARN_RANGE_LOOP_ANALYSIS = YES;
				CLANG_WARN_STRICT_PROTOTYPES = YES;
				CLANG_WARN_SUSPICIOUS_MOVE = YES;
				CLANG_WARN_UNGUARDED_AVAILABILITY = YES_AGGRESSIVE;
				CLANG_WARN_UNREACHABLE_CODE = YES;
				CLANG_WARN__DUPLICATE_METHOD_MATCH = YES;
				COPY_PHASE_STRIP = NO;
				DEBUG_INFORMATION_FORMAT = dwarf;
				ENABLE_STRICT_OBJC_MSGSEND = YES;
				ENABLE_TESTABILITY = YES;
				GCC_C_LANGUAGE_STANDARD = gnu11;
				GCC_DYNAMIC_NO_PIC = NO;
				GCC_NO_COMMON_BLOCKS = YES;
				GCC_OPTIMIZATION_LEVEL = 0;
				GCC_PREPROCESSOR_DEFINITIONS = (
					"DEBUG=1",
					"$(inherited)",
				);
				GCC_WARN_64_TO_32_BIT_CONVERSION = YES;
				GCC_WARN_ABOUT_RETURN_TYPE = YES_ERROR;
				GCC_WARN_UNDECLARED_SELECTOR = YES;
				GCC_WARN_UNINITIALIZED_AUTOS = YES_AGGRESSIVE;
				GCC_WARN_UNUSED_FUNCTION = YES;
				GCC_WARN_UNUSED_VARIABLE = YES;
				IPHONEOS_DEPLOYMENT_TARGET = 13.5;
				MTL_ENABLE_DEBUG_INFO = INCLUDE_SOURCE;
				MTL_FAST_MATH = YES;
				ONLY_ACTIVE_ARCH = YES;
				SDKROOT = iphoneos;
				SWIFT_ACTIVE_COMPILATION_CONDITIONS = DEBUG;
				SWIFT_OPTIMIZATION_LEVEL = "-Onone";
			};
			name = Debug;
		};
		84CD4971249356F50026F466 /* Release */ = {
			isa = XCBuildConfiguration;
			buildSettings = {
				ALWAYS_SEARCH_USER_PATHS = NO;
				CLANG_ANALYZER_NONNULL = YES;
				CLANG_ANALYZER_NUMBER_OBJECT_CONVERSION = YES_AGGRESSIVE;
				CLANG_CXX_LANGUAGE_STANDARD = "gnu++14";
				CLANG_CXX_LIBRARY = "libc++";
				CLANG_ENABLE_MODULES = YES;
				CLANG_ENABLE_OBJC_ARC = YES;
				CLANG_ENABLE_OBJC_WEAK = YES;
				CLANG_WARN_BLOCK_CAPTURE_AUTORELEASING = YES;
				CLANG_WARN_BOOL_CONVERSION = YES;
				CLANG_WARN_COMMA = YES;
				CLANG_WARN_CONSTANT_CONVERSION = YES;
				CLANG_WARN_DEPRECATED_OBJC_IMPLEMENTATIONS = YES;
				CLANG_WARN_DIRECT_OBJC_ISA_USAGE = YES_ERROR;
				CLANG_WARN_DOCUMENTATION_COMMENTS = YES;
				CLANG_WARN_EMPTY_BODY = YES;
				CLANG_WARN_ENUM_CONVERSION = YES;
				CLANG_WARN_INFINITE_RECURSION = YES;
				CLANG_WARN_INT_CONVERSION = YES;
				CLANG_WARN_NON_LITERAL_NULL_CONVERSION = YES;
				CLANG_WARN_OBJC_IMPLICIT_RETAIN_SELF = YES;
				CLANG_WARN_OBJC_LITERAL_CONVERSION = YES;
				CLANG_WARN_OBJC_ROOT_CLASS = YES_ERROR;
				CLANG_WARN_RANGE_LOOP_ANALYSIS = YES;
				CLANG_WARN_STRICT_PROTOTYPES = YES;
				CLANG_WARN_SUSPICIOUS_MOVE = YES;
				CLANG_WARN_UNGUARDED_AVAILABILITY = YES_AGGRESSIVE;
				CLANG_WARN_UNREACHABLE_CODE = YES;
				CLANG_WARN__DUPLICATE_METHOD_MATCH = YES;
				COPY_PHASE_STRIP = NO;
				DEBUG_INFORMATION_FORMAT = "dwarf-with-dsym";
				ENABLE_NS_ASSERTIONS = NO;
				ENABLE_STRICT_OBJC_MSGSEND = YES;
				GCC_C_LANGUAGE_STANDARD = gnu11;
				GCC_NO_COMMON_BLOCKS = YES;
				GCC_WARN_64_TO_32_BIT_CONVERSION = YES;
				GCC_WARN_ABOUT_RETURN_TYPE = YES_ERROR;
				GCC_WARN_UNDECLARED_SELECTOR = YES;
				GCC_WARN_UNINITIALIZED_AUTOS = YES_AGGRESSIVE;
				GCC_WARN_UNUSED_FUNCTION = YES;
				GCC_WARN_UNUSED_VARIABLE = YES;
				IPHONEOS_DEPLOYMENT_TARGET = 13.5;
				MTL_ENABLE_DEBUG_INFO = NO;
				MTL_FAST_MATH = YES;
				SDKROOT = iphoneos;
				SWIFT_COMPILATION_MODE = wholemodule;
				SWIFT_OPTIMIZATION_LEVEL = "-O";
				VALIDATE_PRODUCT = YES;
			};
			name = Release;
		};
		84CD4973249356F50026F466 /* Debug */ = {
			isa = XCBuildConfiguration;
			baseConfigurationReference = 0FAF3BFDCFAB989AEF4B8300 /* Pods-real-estate.debug.xcconfig */;
			buildSettings = {
				ASSETCATALOG_COMPILER_APPICON_NAME = AppIcon;
				CODE_SIGN_STYLE = Automatic;
				INFOPLIST_FILE = "real-estate/Info.plist";
				LD_RUNPATH_SEARCH_PATHS = (
					"$(inherited)",
					"@executable_path/Frameworks",
				);
				PRODUCT_BUNDLE_IDENTIFIER = "mishka.tbc.real-estate";
				PRODUCT_NAME = "$(TARGET_NAME)";
				SWIFT_VERSION = 5.0;
				TARGETED_DEVICE_FAMILY = "1,2";
			};
			name = Debug;
		};
		84CD4974249356F50026F466 /* Release */ = {
			isa = XCBuildConfiguration;
			baseConfigurationReference = FC80606C83E2DF506429DD60 /* Pods-real-estate.release.xcconfig */;
			buildSettings = {
				ASSETCATALOG_COMPILER_APPICON_NAME = AppIcon;
				CODE_SIGN_STYLE = Automatic;
				INFOPLIST_FILE = "real-estate/Info.plist";
				LD_RUNPATH_SEARCH_PATHS = (
					"$(inherited)",
					"@executable_path/Frameworks",
				);
				PRODUCT_BUNDLE_IDENTIFIER = "mishka.tbc.real-estate";
				PRODUCT_NAME = "$(TARGET_NAME)";
				SWIFT_VERSION = 5.0;
				TARGETED_DEVICE_FAMILY = "1,2";
			};
			name = Release;
		};
/* End XCBuildConfiguration section */

/* Begin XCConfigurationList section */
		84CD4956249356ED0026F466 /* Build configuration list for PBXProject "real-estate" */ = {
			isa = XCConfigurationList;
			buildConfigurations = (
				84CD4970249356F50026F466 /* Debug */,
				84CD4971249356F50026F466 /* Release */,
			);
			defaultConfigurationIsVisible = 0;
			defaultConfigurationName = Release;
		};
		84CD4972249356F50026F466 /* Build configuration list for PBXNativeTarget "real-estate" */ = {
			isa = XCConfigurationList;
			buildConfigurations = (
				84CD4973249356F50026F466 /* Debug */,
				84CD4974249356F50026F466 /* Release */,
			);
			defaultConfigurationIsVisible = 0;
			defaultConfigurationName = Release;
		};
/* End XCConfigurationList section */

/* Begin XCVersionGroup section */
		84CD4967249356ED0026F466 /* real_estate.xcdatamodeld */ = {
			isa = XCVersionGroup;
			children = (
				84CD4968249356ED0026F466 /* real_estate.xcdatamodel */,
			);
			currentVersion = 84CD4968249356ED0026F466 /* real_estate.xcdatamodel */;
			path = real_estate.xcdatamodeld;
			sourceTree = "<group>";
			versionGroupType = wrapper.xcdatamodel;
		};
/* End XCVersionGroup section */
	};
	rootObject = 84CD4953249356ED0026F466 /* Project object */;
}
